uuid: a567ba7d-0fde-44bb-a411-22f7a3bc2c67
langcode: en
status: false
dependencies:
  module:
    - advanced_search
    - context
    - islandora
  theme:
    - galvin_islandora
id: galvin_islandora_solrsearchcontentadvancedsearchforblock
theme: galvin_islandora
region: header_cta_nav
weight: -19
provider: null
plugin: 'advanced_search_block:solr_search_content__block_1'
settings:
  id: 'advanced_search_block:solr_search_content__block_1'
  label: 'Search within Collection'
  label_display: visible
  provider: advanced_search
  fields:
    - title_aggregated_fulltext
    - abstract_description_fulltext
    - linked_agent_name_fulltext
    - field_publisher_fulltext
  context_filter: field_member_of
visibility:
  context_all:
    id: context_all
    negate: false
    values: collection
  media_source_mimetype:
    id: media_source_mimetype
    negate: false
    context_mapping: {  }
    mimetype: ''
